<?xml version="1.0" encoding="utf-8"?>
<Project ToolsVersion="4.0" xmlns="http://schemas.microsoft.com/developer/msbuild/2003">
  <ItemGroup>
    <ClCompile Include="Source\CubedApp.cpp">
      <Filter>Source</Filter>
    </ClCompile>
    <ClCompile Include="Source\HeadlessConsole.cpp">
      <Filter>Source</Filter>
    </ClCompile>
    <ClCompile Include="ServerLayer.cpp">
      <Filter>Source</Filter>
    </ClCompile>
  </ItemGroup>
  <ItemGroup>
    <Filter Include="Source">
      <UniqueIdentifier>{8a33767d-0c73-420a-b433-b3e235722ca2}</UniqueIdentifier>
    </Filter>
    <Filter Include="Logs">
      <UniqueIdentifier>{4754d415-7215-4046-995a-f2a323aa1c42}</UniqueIdentifier>
    </Filter>
  </ItemGroup>
  <ItemGroup>
    <ClInclude Include="Source\HeadlessConsole.h">
      <Filter>Source</Filter>
    </ClInclude>
    <ClInclude Include="Source\ServerLayer.h">
      <Filter>Source</Filter>
    </ClInclude>
  </ItemGroup>
</Project>